
Microsoft Visual Studio Solution File, Format Version 12.00
# Visual Studio 14
VisualStudioVersion = 14.0.24720.0
MinimumVisualStudioVersion = 10.0.40219.1
Project("{FAE04EC0-301F-11D3-BF4B-00C04F79EFBC}") = "StoreLibrary", "StoreLibrary\StoreLibrary.csproj", "{3450FEC8-7881-4DFC-954E-DB45585D60EA}"
EndProject
Project("{FAE04EC0-301F-11D3-BF4B-00C04F79EFBC}") = "Lab1Console", "Lab1Console\Lab1Console.csproj", "{CD4AC0B2-3EF4-44F7-9C42-854AF60C1B0A}"
EndProject
Global
	GlobalSection(SolutionConfigurationPlatforms) = preSolution
		Debug|Any CPU = Debug|Any CPU
		Release|Any CPU = Release|Any CPU
	EndGlobalSection
	GlobalSection(ProjectConfigurationPlatforms) = postSolution
		{3450FEC8-7881-4DFC-954E-DB45585D60EA}.Debug|Any CPU.ActiveCfg = Debug|Any CPU
		{3450FEC8-7881-4DFC-954E-DB45585D60EA}.Debug|Any CPU.Build.0 = Debug|Any CPU
		{3450FEC8-7881-4DFC-954E-DB45585D60EA}.Release|Any CPU.ActiveCfg = Release|Any CPU
		{3450FEC8-7881-4DFC-954E-DB45585D60EA}.Release|Any CPU.Build.0 = Release|Any CPU
		{CD4AC0B2-3EF4-44F7-9C42-854AF60C1B0A}.Debug|Any CPU.ActiveCfg = Debug|Any CPU
		{CD4AC0B2-3EF4-44F7-9C42-854AF60C1B0A}.Debug|Any CPU.Build.0 = Debug|Any CPU
		{CD4AC0B2-3EF4-44F7-9C42-854AF60C1B0A}.Release|Any CPU.ActiveCfg = Release|Any CPU
		{CD4AC0B2-3EF4-44F7-9C42-854AF60C1B0A}.Release|Any CPU.Build.0 = Release|Any CPU
	EndGlobalSection
	GlobalSection(SolutionProperties) = preSolution
		HideSolutionNode = FALSE
	EndGlobalSection
EndGlobal
